
Microsoft Visual Studio Solution File, Format Version 12.00
# Visual Studio 14
VisualStudioVersion = 14.0.24720.0
MinimumVisualStudioVersion = 10.0.40219.1
Project("{2150E333-8FDC-42A3-9474-1A3956D46DE8}") = "WebApi", "WebApi", "{B36B7274-5714-4146-93C8-8F5B5D929BE0}"
EndProject
Project("{2150E333-8FDC-42A3-9474-1A3956D46DE8}") = "Application", "Application", "{7B1B8C84-5917-404C-B99E-E2DB7B5BB19A}"
EndProject
Project("{2150E333-8FDC-42A3-9474-1A3956D46DE8}") = "Domain", "Domain", "{CD933247-7048-4BF7-B102-E914CEC143F3}"
EndProject
Project("{2150E333-8FDC-42A3-9474-1A3956D46DE8}") = "Infrastructure", "Infrastructure", "{AFE151C5-0915-4741-8C84-6DB50A18EFC9}"
EndProject
Project("{2150E333-8FDC-42A3-9474-1A3956D46DE8}") = "SharedKernel", "SharedKernel", "{2215BD02-7BC0-463E-BCC4-F1A07D93C4A5}"
EndProject
Project("{2150E333-8FDC-42A3-9474-1A3956D46DE8}") = "Data", "Data", "{81DA6D60-CF25-4211-92CB-F2B306C88325}"
EndProject
Project("{FAE04EC0-301F-11D3-BF4B-00C04F79EFBC}") = "SGA.Domain", "SGA.Domain\SGA.Domain.csproj", "{CC06C5BC-D421-4ADC-9B74-05F012B36EEC}"
EndProject
Project("{FAE04EC0-301F-11D3-BF4B-00C04F79EFBC}") = "SGA.Infrastructure.Data", "SGA.Infrastructure.Data\SGA.Infrastructure.Data.csproj", "{53A5BC7B-8AF1-4A31-8BB9-DA6B0373B818}"
EndProject
Global
	GlobalSection(SolutionConfigurationPlatforms) = preSolution
		Debug|Any CPU = Debug|Any CPU
		Release|Any CPU = Release|Any CPU
	EndGlobalSection
	GlobalSection(ProjectConfigurationPlatforms) = postSolution
		{CC06C5BC-D421-4ADC-9B74-05F012B36EEC}.Debug|Any CPU.ActiveCfg = Debug|Any CPU
		{CC06C5BC-D421-4ADC-9B74-05F012B36EEC}.Debug|Any CPU.Build.0 = Debug|Any CPU
		{CC06C5BC-D421-4ADC-9B74-05F012B36EEC}.Release|Any CPU.ActiveCfg = Release|Any CPU
		{CC06C5BC-D421-4ADC-9B74-05F012B36EEC}.Release|Any CPU.Build.0 = Release|Any CPU
		{53A5BC7B-8AF1-4A31-8BB9-DA6B0373B818}.Debug|Any CPU.ActiveCfg = Debug|Any CPU
		{53A5BC7B-8AF1-4A31-8BB9-DA6B0373B818}.Debug|Any CPU.Build.0 = Debug|Any CPU
		{53A5BC7B-8AF1-4A31-8BB9-DA6B0373B818}.Release|Any CPU.ActiveCfg = Release|Any CPU
		{53A5BC7B-8AF1-4A31-8BB9-DA6B0373B818}.Release|Any CPU.Build.0 = Release|Any CPU
	EndGlobalSection
	GlobalSection(SolutionProperties) = preSolution
		HideSolutionNode = FALSE
	EndGlobalSection
	GlobalSection(NestedProjects) = preSolution
		{2215BD02-7BC0-463E-BCC4-F1A07D93C4A5} = {AFE151C5-0915-4741-8C84-6DB50A18EFC9}
		{81DA6D60-CF25-4211-92CB-F2B306C88325} = {AFE151C5-0915-4741-8C84-6DB50A18EFC9}
		{CC06C5BC-D421-4ADC-9B74-05F012B36EEC} = {CD933247-7048-4BF7-B102-E914CEC143F3}
		{53A5BC7B-8AF1-4A31-8BB9-DA6B0373B818} = {81DA6D60-CF25-4211-92CB-F2B306C88325}
	EndGlobalSection
EndGlobal
