
Microsoft Visual Studio Solution File, Format Version 12.00
# Visual Studio 14
VisualStudioVersion = 14.0.24720.0
MinimumVisualStudioVersion = 10.0.40219.1
Project("{2150E333-8FDC-42A3-9474-1A3956D46DE8}") = "Application", "Application", "{7B1B8C84-5917-404C-B99E-E2DB7B5BB19A}"
EndProject
Project("{2150E333-8FDC-42A3-9474-1A3956D46DE8}") = "Domain", "Domain", "{CD933247-7048-4BF7-B102-E914CEC143F3}"
EndProject
Project("{2150E333-8FDC-42A3-9474-1A3956D46DE8}") = "Infrastructure", "Infrastructure", "{AFE151C5-0915-4741-8C84-6DB50A18EFC9}"
EndProject
Project("{2150E333-8FDC-42A3-9474-1A3956D46DE8}") = "SharedKernel", "SharedKernel", "{2215BD02-7BC0-463E-BCC4-F1A07D93C4A5}"
EndProject
Project("{2150E333-8FDC-42A3-9474-1A3956D46DE8}") = "Data", "Data", "{81DA6D60-CF25-4211-92CB-F2B306C88325}"
EndProject
Project("{FAE04EC0-301F-11D3-BF4B-00C04F79EFBC}") = "SGA.Domain", "SGA.Domain\SGA.Domain.csproj", "{CC06C5BC-D421-4ADC-9B74-05F012B36EEC}"
EndProject
Project("{FAE04EC0-301F-11D3-BF4B-00C04F79EFBC}") = "SGA.Infrastructure.Data", "SGA.Infrastructure.Data\SGA.Infrastructure.Data.csproj", "{53A5BC7B-8AF1-4A31-8BB9-DA6B0373B818}"
EndProject
Project("{FAE04EC0-301F-11D3-BF4B-00C04F79EFBC}") = "SGA.Infrastructure.SharedKernel", "SGA.Infrastructure.SharedKernel\SGA.Infrastructure.SharedKernel.csproj", "{A20E8B31-945B-4130-9FF1-FD97FC51360D}"
EndProject
Project("{FAE04EC0-301F-11D3-BF4B-00C04F79EFBC}") = "SGA.Application", "SGA.Application\SGA.Application.csproj", "{EB3774E4-4322-4504-9AF0-9CFCB711A7F6}"
EndProject
Project("{2150E333-8FDC-42A3-9474-1A3956D46DE8}") = "Web", "Web", "{278E1EA2-EA30-469C-BD7B-2226BC2E940B}"
EndProject
Project("{FAE04EC0-301F-11D3-BF4B-00C04F79EFBC}") = "SGA.Web", "SGA.Web\SGA.Web.csproj", "{B68ECD02-D4C4-47A4-915C-4CC871C0FC7D}"
EndProject
Project("{FAE04EC0-301F-11D3-BF4B-00C04F79EFBC}") = "SGA.Web.Tests", "SGA.Web.Tests\SGA.Web.Tests.csproj", "{CDE3A2A0-E596-4102-A4ED-49E18B5A03B8}"
EndProject
Global
	GlobalSection(SolutionConfigurationPlatforms) = preSolution
		Debug|Any CPU = Debug|Any CPU
		Release|Any CPU = Release|Any CPU
	EndGlobalSection
	GlobalSection(ProjectConfigurationPlatforms) = postSolution
		{CC06C5BC-D421-4ADC-9B74-05F012B36EEC}.Debug|Any CPU.ActiveCfg = Debug|Any CPU
		{CC06C5BC-D421-4ADC-9B74-05F012B36EEC}.Debug|Any CPU.Build.0 = Debug|Any CPU
		{CC06C5BC-D421-4ADC-9B74-05F012B36EEC}.Release|Any CPU.ActiveCfg = Release|Any CPU
		{CC06C5BC-D421-4ADC-9B74-05F012B36EEC}.Release|Any CPU.Build.0 = Release|Any CPU
		{53A5BC7B-8AF1-4A31-8BB9-DA6B0373B818}.Debug|Any CPU.ActiveCfg = Debug|Any CPU
		{53A5BC7B-8AF1-4A31-8BB9-DA6B0373B818}.Debug|Any CPU.Build.0 = Debug|Any CPU
		{53A5BC7B-8AF1-4A31-8BB9-DA6B0373B818}.Release|Any CPU.ActiveCfg = Release|Any CPU
		{53A5BC7B-8AF1-4A31-8BB9-DA6B0373B818}.Release|Any CPU.Build.0 = Release|Any CPU
		{A20E8B31-945B-4130-9FF1-FD97FC51360D}.Debug|Any CPU.ActiveCfg = Debug|Any CPU
		{A20E8B31-945B-4130-9FF1-FD97FC51360D}.Debug|Any CPU.Build.0 = Debug|Any CPU
		{A20E8B31-945B-4130-9FF1-FD97FC51360D}.Release|Any CPU.ActiveCfg = Release|Any CPU
		{A20E8B31-945B-4130-9FF1-FD97FC51360D}.Release|Any CPU.Build.0 = Release|Any CPU
		{EB3774E4-4322-4504-9AF0-9CFCB711A7F6}.Debug|Any CPU.ActiveCfg = Debug|Any CPU
		{EB3774E4-4322-4504-9AF0-9CFCB711A7F6}.Debug|Any CPU.Build.0 = Debug|Any CPU
		{EB3774E4-4322-4504-9AF0-9CFCB711A7F6}.Release|Any CPU.ActiveCfg = Release|Any CPU
		{EB3774E4-4322-4504-9AF0-9CFCB711A7F6}.Release|Any CPU.Build.0 = Release|Any CPU
		{B68ECD02-D4C4-47A4-915C-4CC871C0FC7D}.Debug|Any CPU.ActiveCfg = Debug|Any CPU
		{B68ECD02-D4C4-47A4-915C-4CC871C0FC7D}.Debug|Any CPU.Build.0 = Debug|Any CPU
		{B68ECD02-D4C4-47A4-915C-4CC871C0FC7D}.Release|Any CPU.ActiveCfg = Release|Any CPU
		{B68ECD02-D4C4-47A4-915C-4CC871C0FC7D}.Release|Any CPU.Build.0 = Release|Any CPU
		{CDE3A2A0-E596-4102-A4ED-49E18B5A03B8}.Debug|Any CPU.ActiveCfg = Debug|Any CPU
		{CDE3A2A0-E596-4102-A4ED-49E18B5A03B8}.Debug|Any CPU.Build.0 = Debug|Any CPU
		{CDE3A2A0-E596-4102-A4ED-49E18B5A03B8}.Release|Any CPU.ActiveCfg = Release|Any CPU
		{CDE3A2A0-E596-4102-A4ED-49E18B5A03B8}.Release|Any CPU.Build.0 = Release|Any CPU
	EndGlobalSection
	GlobalSection(SolutionProperties) = preSolution
		HideSolutionNode = FALSE
	EndGlobalSection
	GlobalSection(NestedProjects) = preSolution
		{2215BD02-7BC0-463E-BCC4-F1A07D93C4A5} = {AFE151C5-0915-4741-8C84-6DB50A18EFC9}
		{81DA6D60-CF25-4211-92CB-F2B306C88325} = {AFE151C5-0915-4741-8C84-6DB50A18EFC9}
		{CC06C5BC-D421-4ADC-9B74-05F012B36EEC} = {CD933247-7048-4BF7-B102-E914CEC143F3}
		{53A5BC7B-8AF1-4A31-8BB9-DA6B0373B818} = {81DA6D60-CF25-4211-92CB-F2B306C88325}
		{A20E8B31-945B-4130-9FF1-FD97FC51360D} = {2215BD02-7BC0-463E-BCC4-F1A07D93C4A5}
		{EB3774E4-4322-4504-9AF0-9CFCB711A7F6} = {7B1B8C84-5917-404C-B99E-E2DB7B5BB19A}
		{B68ECD02-D4C4-47A4-915C-4CC871C0FC7D} = {278E1EA2-EA30-469C-BD7B-2226BC2E940B}
		{CDE3A2A0-E596-4102-A4ED-49E18B5A03B8} = {278E1EA2-EA30-469C-BD7B-2226BC2E940B}
	EndGlobalSection
EndGlobal
