
Microsoft Visual Studio Solution File, Format Version 12.00
# Visual Studio 14
VisualStudioVersion = 14.0.24720.0
MinimumVisualStudioVersion = 10.0.40219.1
Project("{FAE04EC0-301F-11D3-BF4B-00C04F79EFBC}") = "SGA", "SGA\SGA.csproj", "{9A369E50-145B-4DDB-AE08-B5F8291275E1}"
EndProject
Project("{FAE04EC0-301F-11D3-BF4B-00C04F79EFBC}") = "SGA.Tests", "SGA.Tests\SGA.Tests.csproj", "{38F24ADA-AB50-4194-A290-F8B63E7C0132}"
EndProject
Global
	GlobalSection(SolutionConfigurationPlatforms) = preSolution
		Debug|Any CPU = Debug|Any CPU
		Release|Any CPU = Release|Any CPU
	EndGlobalSection
	GlobalSection(ProjectConfigurationPlatforms) = postSolution
		{9A369E50-145B-4DDB-AE08-B5F8291275E1}.Debug|Any CPU.ActiveCfg = Debug|Any CPU
		{9A369E50-145B-4DDB-AE08-B5F8291275E1}.Debug|Any CPU.Build.0 = Debug|Any CPU
		{9A369E50-145B-4DDB-AE08-B5F8291275E1}.Release|Any CPU.ActiveCfg = Release|Any CPU
		{9A369E50-145B-4DDB-AE08-B5F8291275E1}.Release|Any CPU.Build.0 = Release|Any CPU
		{38F24ADA-AB50-4194-A290-F8B63E7C0132}.Debug|Any CPU.ActiveCfg = Debug|Any CPU
		{38F24ADA-AB50-4194-A290-F8B63E7C0132}.Debug|Any CPU.Build.0 = Debug|Any CPU
		{38F24ADA-AB50-4194-A290-F8B63E7C0132}.Release|Any CPU.ActiveCfg = Release|Any CPU
		{38F24ADA-AB50-4194-A290-F8B63E7C0132}.Release|Any CPU.Build.0 = Release|Any CPU
	EndGlobalSection
	GlobalSection(SolutionProperties) = preSolution
		HideSolutionNode = FALSE
	EndGlobalSection
EndGlobal
